
Microsoft Visual Studio Solution File, Format Version 12.00
# Visual Studio Version 17
VisualStudioVersion = 17.11.35327.3
MinimumVisualStudioVersion = 10.0.40219.1
Project("{FAE04EC0-301F-11D3-BF4B-00C04F79EFBC}") = "gabo", "gabo\gabo.csproj", "{01A3DAC1-228C-4898-BD05-863289264DCF}"
EndProject
Global
	GlobalSection(SolutionConfigurationPlatforms) = preSolution
		Debug|Any CPU = Debug|Any CPU
		Release|Any CPU = Release|Any CPU
	EndGlobalSection
	GlobalSection(ProjectConfigurationPlatforms) = postSolution
		{01A3DAC1-228C-4898-BD05-863289264DCF}.Debug|Any CPU.ActiveCfg = Debug|Any CPU
		{01A3DAC1-228C-4898-BD05-863289264DCF}.Debug|Any CPU.Build.0 = Debug|Any CPU
		{01A3DAC1-228C-4898-BD05-863289264DCF}.Release|Any CPU.ActiveCfg = Release|Any CPU
		{01A3DAC1-228C-4898-BD05-863289264DCF}.Release|Any CPU.Build.0 = Release|Any CPU
	EndGlobalSection
	GlobalSection(SolutionProperties) = preSolution
		HideSolutionNode = FALSE
	EndGlobalSection
	GlobalSection(ExtensibilityGlobals) = postSolution
		SolutionGuid = {115D3E0A-00E5-4610-BC38-2ED88C470CD8}
	EndGlobalSection
EndGlobal
